// !$*UTF8*$!
{
	archiveVersion = 1;
	classes = {
	};
	objectVersion = 46;
	objects = {

/* Begin PBXBuildFile section */
		9ECA14721BE59C0800EE5CD7 /* main.m in Sources */ = {isa = PBXBuildFile; fileRef = 9ECA14711BE59C0800EE5CD7 /* main.m */; };
		9ECA14751BE59C0800EE5CD7 /* AppDelegate.m in Sources */ = {isa = PBXBuildFile; fileRef = 9ECA14741BE59C0800EE5CD7 /* AppDelegate.m */; };
		9ECA14781BE59C0800EE5CD7 /* ViewController.m in Sources */ = {isa = PBXBuildFile; fileRef = 9ECA14771BE59C0800EE5CD7 /* ViewController.m */; };
		9ECA147B1BE59C0800EE5CD7 /* Main.storyboard in Resources */ = {isa = PBXBuildFile; fileRef = 9ECA14791BE59C0800EE5CD7 /* Main.storyboard */; };
		9ECA147D1BE59C0800EE5CD7 /* Assets.xcassets in Resources */ = {isa = PBXBuildFile; fileRef = 9ECA147C1BE59C0800EE5CD7 /* Assets.xcassets */; };
		9ECA14881BE59C0900EE5CD7 /* WhereRUTVUITests.m in Sources */ = {isa = PBXBuildFile; fileRef = 9ECA14871BE59C0900EE5CD7 /* WhereRUTVUITests.m */; };
/* End PBXBuildFile section */

/* Begin PBXContainerItemProxy section */
		9ECA14841BE59C0900EE5CD7 /* PBXContainerItemProxy */ = {
			isa = PBXContainerItemProxy;
			containerPortal = 9ECA14651BE59C0800EE5CD7 /* Project object */;
			proxyType = 1;
			remoteGlobalIDString = 9ECA146C1BE59C0800EE5CD7;
			remoteInfo = WhereRUTV;
		};
/* End PBXContainerItemProxy section */

/* Begin PBXFileReference section */
		9ECA146D1BE59C0800EE5CD7 /* WhereRUTV.app */ = {isa = PBXFileReference; explicitFileType = wrapper.application; includeInIndex = 0; path = WhereRUTV.app; sourceTree = BUILT_PRODUCTS_DIR; };
		9ECA14711BE59C0800EE5CD7 /* main.m */ = {isa = PBXFileReference; lastKnownFileType = sourcecode.c.objc; path = main.m; sourceTree = "<group>"; };
		9ECA14731BE59C0800EE5CD7 /* AppDelegate.h */ = {isa = PBXFileReference; lastKnownFileType = sourcecode.c.h; path = AppDelegate.h; sourceTree = "<group>"; };
		9ECA14741BE59C0800EE5CD7 /* AppDelegate.m */ = {isa = PBXFileReference; lastKnownFileType = sourcecode.c.objc; path = AppDelegate.m; sourceTree = "<group>"; };
		9ECA14761BE59C0800EE5CD7 /* ViewController.h */ = {isa = PBXFileReference; lastKnownFileType = sourcecode.c.h; path = ViewController.h; sourceTree = "<group>"; };
		9ECA14771BE59C0800EE5CD7 /* ViewController.m */ = {isa = PBXFileReference; lastKnownFileType = sourcecode.c.objc; path = ViewController.m; sourceTree = "<group>"; };
		9ECA147A1BE59C0800EE5CD7 /* Base */ = {isa = PBXFileReference; lastKnownFileType = file.storyboard; name = Base; path = Base.lproj/Main.storyboard; sourceTree = "<group>"; };
		9ECA147C1BE59C0800EE5CD7 /* Assets.xcassets */ = {isa = PBXFileReference; lastKnownFileType = folder.assetcatalog; path = Assets.xcassets; sourceTree = "<group>"; };
		9ECA147E1BE59C0800EE5CD7 /* Info.plist */ = {isa = PBXFileReference; lastKnownFileType = text.plist.xml; path = Info.plist; sourceTree = "<group>"; };
		9ECA14831BE59C0900EE5CD7 /* WhereRUTVUITests.xctest */ = {isa = PBXFileReference; explicitFileType = wrapper.cfbundle; includeInIndex = 0; path = WhereRUTVUITests.xctest; sourceTree = BUILT_PRODUCTS_DIR; };
		9ECA14871BE59C0900EE5CD7 /* WhereRUTVUITests.m */ = {isa = PBXFileReference; lastKnownFileType = sourcecode.c.objc; path = WhereRUTVUITests.m; sourceTree = "<group>"; };
		9ECA14891BE59C0900EE5CD7 /* Info.plist */ = {isa = PBXFileReference; lastKnownFileType = text.plist.xml; path = Info.plist; sourceTree = "<group>"; };
/* End PBXFileReference section */

/* Begin PBXFrameworksBuildPhase section */
		9ECA146A1BE59C0800EE5CD7 /* Frameworks */ = {
			isa = PBXFrameworksBuildPhase;
			buildActionMask = 2147483647;
			files = (
			);
			runOnlyForDeploymentPostprocessing = 0;
		};
		9ECA14801BE59C0800EE5CD7 /* Frameworks */ = {
			isa = PBXFrameworksBuildPhase;
			buildActionMask = 2147483647;
			files = (
			);
			runOnlyForDeploymentPostprocessing = 0;
		};
/* End PBXFrameworksBuildPhase section */

/* Begin PBXGroup section */
		9ECA14641BE59C0800EE5CD7 = {
			isa = PBXGroup;
			children = (
				9ECA146F1BE59C0800EE5CD7 /* WhereRUTV */,
				9ECA14861BE59C0900EE5CD7 /* WhereRUTVUITests */,
				9ECA146E1BE59C0800EE5CD7 /* Products */,
			);
			sourceTree = "<group>";
		};
		9ECA146E1BE59C0800EE5CD7 /* Products */ = {
			isa = PBXGroup;
			children = (
				9ECA146D1BE59C0800EE5CD7 /* WhereRUTV.app */,
				9ECA14831BE59C0900EE5CD7 /* WhereRUTVUITests.xctest */,
			);
			name = Products;
			sourceTree = "<group>";
		};
		9ECA146F1BE59C0800EE5CD7 /* WhereRUTV */ = {
			isa = PBXGroup;
			children = (
				9ECA14731BE59C0800EE5CD7 /* AppDelegate.h */,
				9ECA14741BE59C0800EE5CD7 /* AppDelegate.m */,
				9ECA14761BE59C0800EE5CD7 /* ViewController.h */,
				9ECA14771BE59C0800EE5CD7 /* ViewController.m */,
				9ECA14791BE59C0800EE5CD7 /* Main.storyboard */,
				9ECA147C1BE59C0800EE5CD7 /* Assets.xcassets */,
				9ECA147E1BE59C0800EE5CD7 /* Info.plist */,
				9ECA14701BE59C0800EE5CD7 /* Supporting Files */,
			);
			path = WhereRUTV;
			sourceTree = "<group>";
		};
		9ECA14701BE59C0800EE5CD7 /* Supporting Files */ = {
			isa = PBXGroup;
			children = (
				9ECA14711BE59C0800EE5CD7 /* main.m */,
			);
			name = "Supporting Files";
			sourceTree = "<group>";
		};
		9ECA14861BE59C0900EE5CD7 /* WhereRUTVUITests */ = {
			isa = PBXGroup;
			children = (
				9ECA14871BE59C0900EE5CD7 /* WhereRUTVUITests.m */,
				9ECA14891BE59C0900EE5CD7 /* Info.plist */,
			);
			path = WhereRUTVUITests;
			sourceTree = "<group>";
		};
/* End PBXGroup section */

/* Begin PBXNativeTarget section */
		9ECA146C1BE59C0800EE5CD7 /* WhereRUTV */ = {
			isa = PBXNativeTarget;
			buildConfigurationList = 9ECA148C1BE59C0900EE5CD7 /* Build configuration list for PBXNativeTarget "WhereRUTV" */;
			buildPhases = (
				9ECA14691BE59C0800EE5CD7 /* Sources */,
				9ECA146A1BE59C0800EE5CD7 /* Frameworks */,
				9ECA146B1BE59C0800EE5CD7 /* Resources */,
			);
			buildRules = (
			);
			dependencies = (
			);
			name = WhereRUTV;
			productName = WhereRUTV;
			productReference = 9ECA146D1BE59C0800EE5CD7 /* WhereRUTV.app */;
			productType = "com.apple.product-type.application";
		};
		9ECA14821BE59C0800EE5CD7 /* WhereRUTVUITests */ = {
			isa = PBXNativeTarget;
			buildConfigurationList = 9ECA148F1BE59C0900EE5CD7 /* Build configuration list for PBXNativeTarget "WhereRUTVUITests" */;
			buildPhases = (
				9ECA147F1BE59C0800EE5CD7 /* Sources */,
				9ECA14801BE59C0800EE5CD7 /* Frameworks */,
				9ECA14811BE59C0800EE5CD7 /* Resources */,
			);
			buildRules = (
			);
			dependencies = (
				9ECA14851BE59C0900EE5CD7 /* PBXTargetDependency */,
			);
			name = WhereRUTVUITests;
			productName = WhereRUTVUITests;
			productReference = 9ECA14831BE59C0900EE5CD7 /* WhereRUTVUITests.xctest */;
			productType = "com.apple.product-type.bundle.ui-testing";
		};
/* End PBXNativeTarget section */

/* Begin PBXProject section */
		9ECA14651BE59C0800EE5CD7 /* Project object */ = {
			isa = PBXProject;
			attributes = {
				LastUpgradeCheck = 0710;
				ORGANIZATIONNAME = "Scott Null";
				TargetAttributes = {
					9ECA146C1BE59C0800EE5CD7 = {
						CreatedOnToolsVersion = 7.1;
						DevelopmentTeam = 64S84F3VVR;
					};
					9ECA14821BE59C0800EE5CD7 = {
						CreatedOnToolsVersion = 7.1;
						TestTargetID = 9ECA146C1BE59C0800EE5CD7;
					};
				};
			};
			buildConfigurationList = 9ECA14681BE59C0800EE5CD7 /* Build configuration list for PBXProject "WhereRUTV" */;
			compatibilityVersion = "Xcode 3.2";
			developmentRegion = English;
			hasScannedForEncodings = 0;
			knownRegions = (
				en,
				Base,
			);
			mainGroup = 9ECA14641BE59C0800EE5CD7;
			productRefGroup = 9ECA146E1BE59C0800EE5CD7 /* Products */;
			projectDirPath = "";
			projectRoot = "";
			targets = (
				9ECA146C1BE59C0800EE5CD7 /* WhereRUTV */,
				9ECA14821BE59C0800EE5CD7 /* WhereRUTVUITests */,
			);
		};
/* End PBXProject section */

/* Begin PBXResourcesBuildPhase section */
		9ECA146B1BE59C0800EE5CD7 /* Resources */ = {
			isa = PBXResourcesBuildPhase;
			buildActionMask = 2147483647;
			files = (
				9ECA147D1BE59C0800EE5CD7 /* Assets.xcassets in Resources */,
				9ECA147B1BE59C0800EE5CD7 /* Main.storyboard in Resources */,
			);
			runOnlyForDeploymentPostprocessing = 0;
		};
		9ECA14811BE59C0800EE5CD7 /* Resources */ = {
			isa = PBXResourcesBuildPhase;
			buildActionMask = 2147483647;
			files = (
			);
			runOnlyForDeploymentPostprocessing = 0;
		};
/* End PBXResourcesBuildPhase section */

/* Begin PBXSourcesBuildPhase section */
		9ECA14691BE59C0800EE5CD7 /* Sources */ = {
			isa = PBXSourcesBuildPhase;
			buildActionMask = 2147483647;
			files = (
				9ECA14781BE59C0800EE5CD7 /* ViewController.m in Sources */,
				9ECA14751BE59C0800EE5CD7 /* AppDelegate.m in Sources */,
				9ECA14721BE59C0800EE5CD7 /* main.m in Sources */,
			);
			runOnlyForDeploymentPostprocessing = 0;
		};
		9ECA147F1BE59C0800EE5CD7 /* Sources */ = {
			isa = PBXSourcesBuildPhase;
			buildActionMask = 2147483647;
			files = (
				9ECA14881BE59C0900EE5CD7 /* WhereRUTVUITests.m in Sources */,
			);
			runOnlyForDeploymentPostprocessing = 0;
		};
/* End PBXSourcesBuildPhase section */

/* Begin PBXTargetDependency section */
		9ECA14851BE59C0900EE5CD7 /* PBXTargetDependency */ = {
			isa = PBXTargetDependency;
			target = 9ECA146C1BE59C0800EE5CD7 /* WhereRUTV */;
			targetProxy = 9ECA14841BE59C0900EE5CD7 /* PBXContainerItemProxy */;
		};
/* End PBXTargetDependency section */

/* Begin PBXVariantGroup section */
		9ECA14791BE59C0800EE5CD7 /* Main.storyboard */ = {
			isa = PBXVariantGroup;
			children = (
				9ECA147A1BE59C0800EE5CD7 /* Base */,
			);
			name = Main.storyboard;
			sourceTree = "<group>";
		};
/* End PBXVariantGroup section */

/* Begin XCBuildConfiguration section */
		9ECA148A1BE59C0900EE5CD7 /* Debug */ = {
			isa = XCBuildConfiguration;
			buildSettings = {
				ALWAYS_SEARCH_USER_PATHS = NO;
				CLANG_CXX_LANGUAGE_STANDARD = "gnu++0x";
				CLANG_CXX_LIBRARY = "libc++";
				CLANG_ENABLE_MODULES = YES;
				CLANG_ENABLE_OBJC_ARC = YES;
				CLANG_WARN_BOOL_CONVERSION = YES;
				CLANG_WARN_CONSTANT_CONVERSION = YES;
				CLANG_WARN_DIRECT_OBJC_ISA_USAGE = YES_ERROR;
				CLANG_WARN_EMPTY_BODY = YES;
				CLANG_WARN_ENUM_CONVERSION = YES;
				CLANG_WARN_INT_CONVERSION = YES;
				CLANG_WARN_OBJC_ROOT_CLASS = YES_ERROR;
				CLANG_WARN_UNREACHABLE_CODE = YES;
				CLANG_WARN__DUPLICATE_METHOD_MATCH = YES;
				COPY_PHASE_STRIP = NO;
				DEBUG_INFORMATION_FORMAT = dwarf;
				ENABLE_STRICT_OBJC_MSGSEND = YES;
				ENABLE_TESTABILITY = YES;
				GCC_C_LANGUAGE_STANDARD = gnu99;
				GCC_DYNAMIC_NO_PIC = NO;
				GCC_NO_COMMON_BLOCKS = YES;
				GCC_OPTIMIZATION_LEVEL = 0;
				GCC_PREPROCESSOR_DEFINITIONS = (
					"DEBUG=1",
					"$(inherited)",
				);
				GCC_WARN_64_TO_32_BIT_CONVERSION = YES;
				GCC_WARN_ABOUT_RETURN_TYPE = YES_ERROR;
				GCC_WARN_UNDECLARED_SELECTOR = YES;
				GCC_WARN_UNINITIALIZED_AUTOS = YES_AGGRESSIVE;
				GCC_WARN_UNUSED_FUNCTION = YES;
				GCC_WARN_UNUSED_VARIABLE = YES;
				MTL_ENABLE_DEBUG_INFO = YES;
				ONLY_ACTIVE_ARCH = YES;
				SDKROOT = appletvos;
				TARGETED_DEVICE_FAMILY = 3;
				TVOS_DEPLOYMENT_TARGET = 9.0;
			};
			name = Debug;
		};
		9ECA148B1BE59C0900EE5CD7 /* Release */ = {
			isa = XCBuildConfiguration;
			buildSettings = {
				ALWAYS_SEARCH_USER_PATHS = NO;
				CLANG_CXX_LANGUAGE_STANDARD = "gnu++0x";
				CLANG_CXX_LIBRARY = "libc++";
				CLANG_ENABLE_MODULES = YES;
				CLANG_ENABLE_OBJC_ARC = YES;
				CLANG_WARN_BOOL_CONVERSION = YES;
				CLANG_WARN_CONSTANT_CONVERSION = YES;
				CLANG_WARN_DIRECT_OBJC_ISA_USAGE = YES_ERROR;
				CLANG_WARN_EMPTY_BODY = YES;
				CLANG_WARN_ENUM_CONVERSION = YES;
				CLANG_WARN_INT_CONVERSION = YES;
				CLANG_WARN_OBJC_ROOT_CLASS = YES_ERROR;
				CLANG_WARN_UNREACHABLE_CODE = YES;
				CLANG_WARN__DUPLICATE_METHOD_MATCH = YES;
				COPY_PHASE_STRIP = NO;
				DEBUG_INFORMATION_FORMAT = "dwarf-with-dsym";
				ENABLE_NS_ASSERTIONS = NO;
				ENABLE_STRICT_OBJC_MSGSEND = YES;
				GCC_C_LANGUAGE_STANDARD = gnu99;
				GCC_NO_COMMON_BLOCKS = YES;
				GCC_WARN_64_TO_32_BIT_CONVERSION = YES;
				GCC_WARN_ABOUT_RETURN_TYPE = YES_ERROR;
				GCC_WARN_UNDECLARED_SELECTOR = YES;
				GCC_WARN_UNINITIALIZED_AUTOS = YES_AGGRESSIVE;
				GCC_WARN_UNUSED_FUNCTION = YES;
				GCC_WARN_UNUSED_VARIABLE = YES;
				MTL_ENABLE_DEBUG_INFO = NO;
				SDKROOT = appletvos;
				TARGETED_DEVICE_FAMILY = 3;
				TVOS_DEPLOYMENT_TARGET = 9.0;
				VALIDATE_PRODUCT = YES;
			};
			name = Release;
		};
		9ECA148D1BE59C0900EE5CD7 /* Debug */ = {
			isa = XCBuildConfiguration;
			buildSettings = {
				ASSETCATALOG_COMPILER_APPICON_NAME = "App Icon & Top Shelf Image";
				ASSETCATALOG_COMPILER_LAUNCHIMAGE_NAME = LaunchImage;
				CODE_SIGN_IDENTITY = "iPhone Developer";
				"CODE_SIGN_IDENTITY[sdk=appletvos*]" = "iPhone Developer";
				INFOPLIST_FILE = WhereRUTV/Info.plist;
				LD_RUNPATH_SEARCH_PATHS = "$(inherited) @executable_path/Frameworks";
				PRODUCT_BUNDLE_IDENTIFIER = com.harnk.WhereRUTV;
				PRODUCT_NAME = "$(TARGET_NAME)";
				PROVISIONING_PROFILE = "";
			};
			name = Debug;
		};
		9ECA148E1BE59C0900EE5CD7 /* Release */ = {
			isa = XCBuildConfiguration;
			buildSettings = {
				ASSETCATALOG_COMPILER_APPICON_NAME = "App Icon & Top Shelf Image";
				ASSETCATALOG_COMPILER_LAUNCHIMAGE_NAME = LaunchImage;
				CODE_SIGN_IDENTITY = "iPhone Developer";
				"CODE_SIGN_IDENTITY[sdk=appletvos*]" = "iPhone Developer";
				INFOPLIST_FILE = WhereRUTV/Info.plist;
				LD_RUNPATH_SEARCH_PATHS = "$(inherited) @executable_path/Frameworks";
				PRODUCT_BUNDLE_IDENTIFIER = com.harnk.WhereRUTV;
				PRODUCT_NAME = "$(TARGET_NAME)";
				PROVISIONING_PROFILE = "";
			};
			name = Release;
		};
		9ECA14901BE59C0900EE5CD7 /* Debug */ = {
			isa = XCBuildConfiguration;
			buildSettings = {
				INFOPLIST_FILE = WhereRUTVUITests/Info.plist;
				LD_RUNPATH_SEARCH_PATHS = "$(inherited) @executable_path/Frameworks @loader_path/Frameworks";
				PRODUCT_BUNDLE_IDENTIFIER = com.harnk.WhereRUTVUITests;
				PRODUCT_NAME = "$(TARGET_NAME)";
				TEST_TARGET_NAME = WhereRUTV;
				USES_XCTRUNNER = YES;
			};
			name = Debug;
		};
		9ECA14911BE59C0900EE5CD7 /* Release */ = {
			isa = XCBuildConfiguration;
			buildSettings = {
				INFOPLIST_FILE = WhereRUTVUITests/Info.plist;
				LD_RUNPATH_SEARCH_PATHS = "$(inherited) @executable_path/Frameworks @loader_path/Frameworks";
				PRODUCT_BUNDLE_IDENTIFIER = com.harnk.WhereRUTVUITests;
				PRODUCT_NAME = "$(TARGET_NAME)";
				TEST_TARGET_NAME = WhereRUTV;
				USES_XCTRUNNER = YES;
			};
			name = Release;
		};
/* End XCBuildConfiguration section */

/* Begin XCConfigurationList section */
		9ECA14681BE59C0800EE5CD7 /* Build configuration list for PBXProject "WhereRUTV" */ = {
			isa = XCConfigurationList;
			buildConfigurations = (
				9ECA148A1BE59C0900EE5CD7 /* Debug */,
				9ECA148B1BE59C0900EE5CD7 /* Release */,
			);
			defaultConfigurationIsVisible = 0;
			defaultConfigurationName = Release;
		};
		9ECA148C1BE59C0900EE5CD7 /* Build configuration list for PBXNativeTarget "WhereRUTV" */ = {
			isa = XCConfigurationList;
			buildConfigurations = (
				9ECA148D1BE59C0900EE5CD7 /* Debug */,
				9ECA148E1BE59C0900EE5CD7 /* Release */,
			);
			defaultConfigurationIsVisible = 0;
			defaultConfigurationName = Release;
		};
		9ECA148F1BE59C0900EE5CD7 /* Build configuration list for PBXNativeTarget "WhereRUTVUITests" */ = {
			isa = XCConfigurationList;
			buildConfigurations = (
				9ECA14901BE59C0900EE5CD7 /* Debug */,
				9ECA14911BE59C0900EE5CD7 /* Release */,
			);
			defaultConfigurationIsVisible = 0;
			defaultConfigurationName = Release;
		};
/* End XCConfigurationList section */
	};
	rootObject = 9ECA14651BE59C0800EE5CD7 /* Project object */;
}
